
Microsoft Visual Studio Solution File, Format Version 12.00
# Visual Studio Version 17
VisualStudioVersion = 17.5.33530.505
MinimumVisualStudioVersion = 10.0.40219.1
Project("{FAE04EC0-301F-11D3-BF4B-00C04F79EFBC}") = "Subnetting", "Subnetting\Subnetting.csproj", "{13A8BA43-C8D5-4DEB-9BCD-786D50E37FDB}"
EndProject
Global
	GlobalSection(SolutionConfigurationPlatforms) = preSolution
		Debug|Any CPU = Debug|Any CPU
		Release|Any CPU = Release|Any CPU
	EndGlobalSection
	GlobalSection(ProjectConfigurationPlatforms) = postSolution
		{13A8BA43-C8D5-4DEB-9BCD-786D50E37FDB}.Debug|Any CPU.ActiveCfg = Debug|Any CPU
		{13A8BA43-C8D5-4DEB-9BCD-786D50E37FDB}.Debug|Any CPU.Build.0 = Debug|Any CPU
		{13A8BA43-C8D5-4DEB-9BCD-786D50E37FDB}.Release|Any CPU.ActiveCfg = Release|Any CPU
		{13A8BA43-C8D5-4DEB-9BCD-786D50E37FDB}.Release|Any CPU.Build.0 = Release|Any CPU
	EndGlobalSection
	GlobalSection(SolutionProperties) = preSolution
		HideSolutionNode = FALSE
	EndGlobalSection
	GlobalSection(ExtensibilityGlobals) = postSolution
		SolutionGuid = {6DB7AC41-5A79-4882-ADB7-FA25E2A7DE3D}
	EndGlobalSection
EndGlobal
